{
    "_readme": [
        "This file locks the dependencies of your project to a known state",
        "Read more about it at https://getcomposer.org/doc/01-basic-usage.md#installing-dependencies",
        "This file is @generated automatically"
    ],
    "content-hash": "52eca1b0305d36aed0e24cdff942b022",
    "packages": [],
    "packages-dev": [
        {
            "name": "automattic/vipwpcs",
            "version": "0.4.0",
            "source": {
                "type": "git",
                "url": "https://github.com/Automattic/VIP-Coding-Standards.git",
                "reference": "423dd6d34ad3085a3de155603551043e81545ab1"
            },
            "dist": {
                "type": "zip",
                "url": "https://api.github.com/repos/Automattic/VIP-Coding-Standards/zipball/423dd6d34ad3085a3de155603551043e81545ab1",
                "reference": "423dd6d34ad3085a3de155603551043e81545ab1",
                "shasum": ""
            },
            "require": {
                "php": ">=5.6",
                "squizlabs/php_codesniffer": "^3.2.3",
                "wp-coding-standards/wpcs": "1.*"
            },
            "require-dev": {
                "phpcompatibility/php-compatibility": "^9",
                "phpunit/phpunit": "*"
            },
            "suggest": {
                "dealerdirect/phpcodesniffer-composer-installer": "^0.4.3 || This Composer plugin will sort out the PHPCS 'installed_paths' automatically."
            },
            "type": "phpcodesniffer-standard",
            "notification-url": "https://packagist.org/downloads/",
            "license": [
                "MIT"
            ],
            "authors": [
                {
                    "name": "Contributors",
                    "homepage": "https://github.com/Automattic/VIP-Coding-Standards/graphs/contributors"
                }
            ],
            "description": "PHP_CodeSniffer rules (sniffs) to enforce WordPress VIP minimum coding conventions",
            "keywords": [
                "phpcs",
                "standards",
                "wordpress"
            ],
            "time": "2018-12-18T19:38:56+00:00"
        },
        {
            "name": "itinerisltd/itineris-wp-coding-standards",
            "version": "0.2.3",
            "source": {
                "type": "git",
                "url": "https://github.com/ItinerisLtd/itineris-wp-coding-standards.git",
                "reference": "c05dded85189abbf374b3ea61b154a0a21cd25e6"
            },
            "dist": {
                "type": "zip",
                "url": "https://api.github.com/repos/ItinerisLtd/itineris-wp-coding-standards/zipball/c05dded85189abbf374b3ea61b154a0a21cd25e6",
                "reference": "c05dded85189abbf374b3ea61b154a0a21cd25e6",
                "shasum": ""
            },
            "require": {
                "automattic/vipwpcs": "^0.4.0",
                "php": "^7.0",
                "wp-coding-standards/wpcs": "^1.2.1"
            },
            "require-dev": {
                "roave/security-advisories": "dev-master"
            },
            "type": "phpcodesniffer-standard",
            "extra": {
                "branch-alias": {
                    "dev-master": "0.2.x-dev"
                }
            },
            "notification-url": "https://packagist.org/downloads/",
            "license": [
                "MIT"
            ],
            "authors": [
                {
                    "name": "Tang Rufus",
                    "email": "tangrufus@gmail.com",
                    "homepage": "https://typist.tech/",
                    "role": "Developer"
                },
                {
                    "name": "Itineris Limited",
                    "email": "hello@itineris.co.uk",
                    "homepage": "https://itineris.co.uk/",
                    "role": "Company"
                }
            ],
            "description": "PHP_CodeSniffer rules for Itineris WordPress projects",
            "homepage": "https://itinerisltd.github.io/itineris-wp-coding-standards/",
            "keywords": [
                "itineris",
                "phpcs",
                "standards",
                "wordpress"
            ],
            "time": "2019-03-20T10:05:00+00:00"
        },
        {
            "name": "squizlabs/php_codesniffer",
            "version": "3.4.1",
            "source": {
                "type": "git",
                "url": "https://github.com/squizlabs/PHP_CodeSniffer.git",
                "reference": "5b4333b4010625d29580eb4a41f1e53251be6baa"
            },
            "dist": {
                "type": "zip",
                "url": "https://api.github.com/repos/squizlabs/PHP_CodeSniffer/zipball/5b4333b4010625d29580eb4a41f1e53251be6baa",
                "reference": "5b4333b4010625d29580eb4a41f1e53251be6baa",
                "shasum": ""
            },
            "require": {
                "ext-simplexml": "*",
                "ext-tokenizer": "*",
                "ext-xmlwriter": "*",
                "php": ">=5.4.0"
            },
            "require-dev": {
                "phpunit/phpunit": "^4.0 || ^5.0 || ^6.0 || ^7.0"
            },
            "bin": [
                "bin/phpcs",
                "bin/phpcbf"
            ],
            "type": "library",
            "extra": {
                "branch-alias": {
                    "dev-master": "3.x-dev"
                }
            },
            "notification-url": "https://packagist.org/downloads/",
            "license": [
                "BSD-3-Clause"
            ],
            "authors": [
                {
                    "name": "Greg Sherwood",
                    "role": "lead"
                }
            ],
            "description": "PHP_CodeSniffer tokenizes PHP, JavaScript and CSS files and detects violations of a defined set of coding standards.",
            "homepage": "https://github.com/squizlabs/PHP_CodeSniffer",
            "keywords": [
                "phpcs",
                "standards"
            ],
            "time": "2019-03-19T03:22:27+00:00"
        },
        {
            "name": "wp-coding-standards/wpcs",
            "version": "1.2.1",
            "source": {
                "type": "git",
                "url": "https://github.com/WordPress-Coding-Standards/WordPress-Coding-Standards.git",
                "reference": "f328bcafd97377e8e5e5d7b244d5ddbf301a3a5c"
            },
            "dist": {
                "type": "zip",
                "url": "https://api.github.com/repos/WordPress-Coding-Standards/WordPress-Coding-Standards/zipball/f328bcafd97377e8e5e5d7b244d5ddbf301a3a5c",
                "reference": "f328bcafd97377e8e5e5d7b244d5ddbf301a3a5c",
                "shasum": ""
            },
            "require": {
                "php": ">=5.3",
                "squizlabs/php_codesniffer": "^2.9.0 || ^3.0.2"
            },
            "require-dev": {
                "phpcompatibility/php-compatibility": "^9.0"
            },
            "suggest": {
                "dealerdirect/phpcodesniffer-composer-installer": "^0.4.3 || This Composer plugin will sort out the PHPCS 'installed_paths' automatically."
            },
            "type": "phpcodesniffer-standard",
            "notification-url": "https://packagist.org/downloads/",
            "license": [
                "MIT"
            ],
            "authors": [
                {
                    "name": "Contributors",
                    "homepage": "https://github.com/WordPress-Coding-Standards/WordPress-Coding-Standards/graphs/contributors"
                }
            ],
            "description": "PHP_CodeSniffer rules (sniffs) to enforce WordPress coding conventions",
            "keywords": [
                "phpcs",
                "standards",
                "wordpress"
            ],
            "time": "2018-12-18T09:43:51+00:00"
        }
    ],
    "aliases": [],
    "minimum-stability": "stable",
    "stability-flags": [],
    "prefer-stable": false,
    "prefer-lowest": false,
    "platform": {
        "php": "^7.2"
    },
    "platform-dev": []
}
